#MicroXplorer Configuration settings - do not modify
Mcu.Family=STM32F1
SH.GPXTI1.0=GPIO_EXTI1
ProjectManager.MainLocation=Core/Src
PA2.GPIO_PuPd=GPIO_PULLUP
RCC.MCOFreq_Value=72000000
I2C2.IPParameters=I2C_Mode
USB_DEVICE.CLASS_NAME_FS=CDC
PC7.GPIOParameters=GPIO_Speed,GPIO_PuPd,GPIO_Label
PC10.GPIO_PuPd=GPIO_PULLDOWN
ProjectManager.TemplateDestinationPath=/home/lex/STM32CubeIDE/Clock_cpp
NVIC.I2C1_EV_IRQn=true\:0\:0\:false\:false\:true\:true\:true
ProjectManager.KeepUserCode=true
Mcu.UserName=STM32F103RETx
PB10.Mode=I2C
VP_TIM3_VS_OPM.Mode=OPM_bit
PC12.Locked=true
PC10.Locked=true
RCC.PLLCLKFreq_Value=72000000
PC10.Signal=GPIO_Output
PC12.Signal=GPIO_Output
PC5.Locked=true
PC7.Locked=true
PA3.GPIO_PuPd=GPIO_PULLUP
ProjectManager.functionlistsort=1-MX_GPIO_Init-GPIO-false-HAL-true,2-SystemClock_Config-RCC-false-HAL-false,3-MX_RTC_Init-RTC-false-HAL-true,4-MX_USB_DEVICE_Init-USB_DEVICE-false-HAL-false,5-MX_I2C1_Init-I2C1-false-HAL-true,6-MX_I2C2_Init-I2C2-false-HAL-true,7-MX_TIM2_Init-TIM2-false-HAL-true,8-MX_TIM3_Init-TIM3-false-HAL-true,9-MX_TIM4_Init-TIM4-false-HAL-true
PC0.GPIOParameters=GPIO_Speed,PinState,GPIO_PuPd,GPIO_Label
NVIC.EXTI3_IRQn=true\:0\:0\:false\:false\:true\:true\:true
PC0.GPIO_Label=MATRX_R1
PC6.GPIO_Label=MATRX_A
VP_RTC_VS_RTC_Activate.Mode=RTC_Enabled
RTC.WeekDay=RTC_WEEKDAY_MONDAY
PC3.Locked=true
PA11.Mode=Device
RCC.RTCFreq_Value=32768
PA3.GPIOParameters=GPIO_PuPd,GPIO_Label,GPIO_ModeDefaultEXTI
PC9.Locked=true
RCC.ADCFreqValue=36000000
PA6.GPIO_Label=BTN_UP
PC10.GPIO_Speed=GPIO_SPEED_FREQ_MEDIUM
PC2.GPIO_Speed=GPIO_SPEED_FREQ_MEDIUM
VP_RTC_VS_RTC_Calendar.Signal=RTC_VS_RTC_Calendar
ProjectManager.TemplateSourcePath=/opt/st/stm32cubeide_1.5.0/plugins/com.st.stm32cube.common.mx_6.1.0.202011121557/db/extra_templates
PC1.Locked=true
PB11.Signal=I2C2_SDA
USB.lpm_enable=ENABLE
PA2.GPIOParameters=GPIO_PuPd,GPIO_Label,GPIO_ModeDefaultEXTI
PinOutPanel.RotationAngle=0
PC3.GPIO_Speed=GPIO_SPEED_FREQ_MEDIUM
RCC.SYSCLKSource=RCC_SYSCLKSOURCE_PLLCLK
ProjectManager.StackSize=0x400
PD1-OSC_OUT.Locked=true
PD1-OSC_OUT.Signal=RCC_OSC_OUT
SH.GPXTI2.0=GPIO_EXTI2
NVIC.RTC_IRQn=true\:1\:0\:true\:false\:true\:true\:true
Mcu.IP4=RTC
RCC.FCLKCortexFreq_Value=72000000
Mcu.IP5=SYS
I2C1.IPParameters=I2C_Mode
Mcu.IP2=NVIC
NVIC.SVCall_IRQn=true\:0\:0\:false\:false\:true\:false\:false
Mcu.IP3=RCC
RCC.SDIOHCLKDiv2FreqValue=36000000
PC11.GPIO_PuPd=GPIO_PULLDOWN
Mcu.IP0=I2C1
Mcu.IP1=I2C2
NVIC.EXTI1_IRQn=true\:0\:0\:false\:false\:true\:true\:true
PA12.Signal=USB_DP
NVIC.USB_HP_CAN1_TX_IRQn=true\:0\:0\:false\:false\:true\:true\:true
SH.GPXTI3.ConfNb=1
Mcu.UserConstants=
PC1.GPIOParameters=GPIO_Speed,GPIO_PuPd,GPIO_Label
Mcu.ThirdPartyNb=0
RCC.SDIOFreq_Value=72000000
RCC.HCLKFreq_Value=72000000
Mcu.IPNb=11
TIM2.IPParameters=Prescaler,Period
ProjectManager.PreviousToolchain=
RCC.APB2TimFreq_Value=72000000
TIM3.Period=20000
PB6.Signal=I2C1_SCL
PC7.Signal=GPIO_Output
PB6.Mode=I2C
RTC.IPParameters=AutoPrediv,Format,WeekDay
PC3.Signal=GPIO_Output
Mcu.Pin6=PC2
Mcu.Pin7=PC3
VP_TIM2_VS_ClockSourceINT.Signal=TIM2_VS_ClockSourceINT
Mcu.Pin8=PA0-WKUP
Mcu.Pin9=PA1
PA1.GPIO_PuPd=GPIO_PULLUP
RCC.AHBFreq_Value=72000000
Mcu.Pin0=PC14-OSC32_IN
Mcu.Pin1=PC15-OSC32_OUT
GPIO.groupedBy=Group By Peripherals
Mcu.Pin2=PD0-OSC_IN
Mcu.Pin3=PD1-OSC_OUT
Mcu.Pin4=PC0
PA0-WKUP.GPIOParameters=GPIO_PuPd,GPIO_Label,GPIO_ModeDefaultEXTI
Mcu.Pin5=PC1
ProjectManager.ProjectBuild=false
NVIC.UsageFault_IRQn=true\:0\:0\:false\:false\:true\:false\:false
NVIC.DebugMonitor_IRQn=true\:0\:0\:false\:false\:true\:false\:false
PA4.GPIO_PuPd=GPIO_PULLUP
PB3.Mode=Trace_Asynchronous_SW
PA4.Locked=true
Mcu.IP10=USB_DEVICE
PC1.GPIO_PuPd=GPIO_PULLDOWN
NVIC.SysTick_IRQn=true\:0\:0\:false\:false\:true\:false\:true
RCC.RTCClockSelection=RCC_RTCCLKSOURCE_LSE
RCC.PLLMUL=RCC_PLL_MUL9
ProjectManager.FirmwarePackage=STM32Cube FW_F1 V1.8.3
PC4.GPIO_Speed=GPIO_SPEED_FREQ_MEDIUM
MxDb.Version=DB.6.0.21
PA6.GPIO_PuPd=GPIO_PULLUP
PA1.GPIOParameters=GPIO_PuPd,GPIO_Label,GPIO_ModeDefaultEXTI
USB_DEVICE.USBD_SELF_POWERED=1
ProjectManager.BackupPrevious=false
PC14-OSC32_IN.Mode=LSE-External-Oscillator
PC4.GPIO_Label=MATRX_G2
PA14.Mode=Trace_Asynchronous_SW
TIM3.Prescaler=7200
PA5.GPIO_PuPd=GPIO_PULLUP
PC11.GPIO_Label=MATRX_STB
NVIC.TIM2_IRQn=true\:0\:0\:true\:false\:true\:true\:true
File.Version=6
PC11.GPIO_Speed=GPIO_SPEED_FREQ_MEDIUM
PB7.Signal=I2C1_SDA
NVIC.PendSV_IRQn=true\:0\:0\:false\:false\:true\:false\:false
TIM4.Period=5000
NVIC.I2C1_ER_IRQn=true\:0\:0\:false\:false\:true\:true\:true
ProjectManager.HalAssertFull=false
ProjectManager.ProjectName=Clock_cpp
RCC.PLLMCOFreq_Value=36000000
PC8.GPIOParameters=GPIO_Speed,GPIO_PuPd,GPIO_Label
Mcu.Package=LQFP64
TIM2.Prescaler=71
PA6.Signal=GPXTI6
PA5.Locked=true
RCC.I2S2Freq_Value=72000000
ProjectManager.ToolChainLocation=
PA2.GPIO_Label=BTN_MID
SH.GPXTI0.0=GPIO_EXTI0
VP_SYS_VS_Systick.Signal=SYS_VS_Systick
SH.GPXTI5.ConfNb=1
VP_RTC_VS_RTC_Calendar.Mode=RTC_Calendar
VP_TIM3_VS_OPM.Signal=TIM3_VS_OPM
PC6.GPIO_PuPd=GPIO_PULLDOWN
VP_USB_DEVICE_VS_USB_DEVICE_CDC_FS.Signal=USB_DEVICE_VS_USB_DEVICE_CDC_FS
PA5.GPIOParameters=GPIO_PuPd,GPIO_Label,GPIO_ModeDefaultEXTI
PC8.GPIO_Speed=GPIO_SPEED_FREQ_MEDIUM
NVIC.EXTI2_IRQn=true\:0\:0\:false\:false\:true\:true\:true
RCC.APB1TimFreq_Value=72000000
NVIC.BusFault_IRQn=true\:0\:0\:false\:false\:true\:false\:false
PC4.Locked=true
PC5.Signal=GPIO_Output
PC12.GPIO_PuPd=GPIO_PULLDOWN
PC0.GPIO_PuPd=GPIO_PULLDOWN
RTC.AutoPrediv=RTC_AUTO_1_SECOND
I2C2.I2C_Mode=I2C_Standard
PA1.GPIO_ModeDefaultEXTI=GPIO_MODE_IT_RISING_FALLING
PA4.GPIO_Label=BTN_LEFT
PC6.GPIO_Speed=GPIO_SPEED_FREQ_MEDIUM
PC2.GPIO_Label=MATRX_B1
ProjectManager.CustomerFirmwarePackage=
PC0.PinState=GPIO_PIN_RESET
PC4.GPIOParameters=GPIO_Speed,GPIO_PuPd,GPIO_Label
VP_TIM3_VS_ClockSourceINT.Mode=Internal
PC14-OSC32_IN.Locked=true
USB_DEVICE.USBD_DEBUG_LEVEL=3
PA3.Signal=GPXTI3
PA2.Locked=true
VP_RTC_VS_RTC_Activate.Signal=RTC_VS_RTC_Activate
PA6.GPIOParameters=GPIO_PuPd,GPIO_Label,GPIO_ModeDefaultEXTI
RCC.PLLSourceVirtual=RCC_PLLSOURCE_HSE
PC15-OSC32_OUT.Mode=LSE-External-Oscillator
NVIC.EXTI4_IRQn=true\:0\:0\:false\:false\:true\:true\:true
SH.GPXTI5.0=GPIO_EXTI5
ProjectManager.ProjectFileName=Clock_cpp.ioc
PA5.GPIO_ModeDefaultEXTI=GPIO_MODE_IT_RISING_FALLING
PA6.GPIO_ModeDefaultEXTI=GPIO_MODE_IT_RISING_FALLING
PD1-OSC_OUT.Mode=HSE-External-Oscillator
PC10.GPIO_Label=MATRX_CLK
Mcu.PinsNb=41
PC9.GPIO_Label=MATRX_D
TIM3.AutoReloadPreload=TIM_AUTORELOAD_PRELOAD_DISABLE
ProjectManager.NoMain=false
PC11.Locked=true
USB_DEVICE.VirtualModeFS=Cdc_FS
PC4.GPIO_PuPd=GPIO_PULLDOWN
PC11.Signal=GPIO_Output
PC8.Signal=GPIO_Output
PC2.Signal=GPIO_Output
PC4.Signal=GPIO_Output
PC6.Signal=GPIO_Output
RCC.USBPrescaler=RCC_USBCLKSOURCE_PLL_DIV1_5
SH.GPXTI0.ConfNb=1
ProjectManager.DefaultFWLocation=true
USB.IPParameters=low_power_enable,lpm_enable
PD0-OSC_IN.Signal=RCC_OSC_IN
ProjectManager.DeletePrevious=true
PC0.Signal=GPIO_Output
RCC.APB1CLKDivider=RCC_HCLK_DIV2
PC14-OSC32_IN.Signal=RCC_OSC32_IN
PC5.GPIO_PuPd=GPIO_PULLDOWN
PC11.GPIOParameters=GPIO_Speed,GPIO_PuPd,GPIO_Label
USB_DEVICE.IPParameters=VirtualMode,VirtualModeFS,CLASS_NAME_FS,USBD_DEBUG_LEVEL,USBD_SELF_POWERED
PA0-WKUP.GPIO_ModeDefaultEXTI=GPIO_MODE_IT_RISING_FALLING
RCC.FamilyName=M
RCC.I2S3Freq_Value=72000000
PA0-WKUP.GPIO_Label=BTN_RESET
PA0-WKUP.Signal=GPXTI0
PA0-WKUP.Locked=true
PA3.GPIO_ModeDefaultEXTI=GPIO_MODE_IT_RISING_FALLING
NVIC.USBWakeUp_IRQn=true\:0\:0\:false\:false\:true\:false\:true
PC3.GPIOParameters=GPIO_Speed,GPIO_PuPd,GPIO_Label
SH.GPXTI6.0=GPIO_EXTI6
PC8.GPIO_Label=MATRX_C
PC12.GPIOParameters=GPIO_Speed,GPIO_PuPd,GPIO_Label
PA13.Signal=SYS_JTMS-SWDIO
SH.GPXTI6.ConfNb=1
PC0.GPIO_Speed=GPIO_SPEED_FREQ_MEDIUM
PC15-OSC32_OUT.Locked=true
SH.GPXTI2.ConfNb=1
PB11.Mode=I2C
VP_TIM4_VS_ClockSourceINT.Signal=TIM4_VS_ClockSourceINT
ProjectManager.TargetToolchain=STM32CubeIDE
TIM4.IPParameters=Prescaler,Period
I2C1.I2C_Mode=I2C_Standard
VP_USB_DEVICE_VS_USB_DEVICE_CDC_FS.Mode=CDC_FS
PC5.GPIOParameters=GPIO_Speed,GPIO_PuPd,GPIO_Label
PC6.Locked=true
PA4.GPIO_ModeDefaultEXTI=GPIO_MODE_IT_RISING_FALLING
NVIC.I2C2_ER_IRQn=true\:0\:0\:false\:false\:true\:true\:true
RTC.Format=RTC_FORMAT_BIN
PC2.Locked=true
ProjectManager.RegisterCallBack=RTC
RCC.USBFreq_Value=48000000
PC7.GPIO_PuPd=GPIO_PULLDOWN
VP_TIM3_VS_ClockSourceINT.Signal=TIM3_VS_ClockSourceINT
TIM4.Prescaler=7200
PC15-OSC32_OUT.Signal=RCC_OSC32_OUT
PA1.Signal=GPXTI1
PD0-OSC_IN.Mode=HSE-External-Oscillator
PB10.Signal=I2C2_SCL
PA5.Signal=GPXTI5
Mcu.Pin40=VP_USB_DEVICE_VS_USB_DEVICE_CDC_FS
board=custom
PC7.GPIO_Speed=GPIO_SPEED_FREQ_MEDIUM
SH.GPXTI3.0=GPIO_EXTI3
ProjectManager.LastFirmware=true
USB.low_power_enable=ENABLE
NVIC.TIM3_IRQn=true\:1\:0\:true\:false\:true\:true\:true
RCC.VCOOutput2Freq_Value=8000000
RCC.APB2Freq_Value=72000000
MxCube.Version=6.2.1
Mcu.Pin37=VP_TIM3_VS_ClockSourceINT
Mcu.Pin38=VP_TIM3_VS_OPM
Mcu.Pin35=VP_SYS_VS_Systick
VP_TIM2_VS_ClockSourceINT.Mode=Internal
Mcu.Pin36=VP_TIM2_VS_ClockSourceINT
Mcu.Pin39=VP_TIM4_VS_ClockSourceINT
PC2.GPIOParameters=GPIO_Speed,GPIO_PuPd,GPIO_Label
NVIC.USB_LP_CAN1_RX0_IRQn=true\:0\:0\:false\:false\:true\:true\:true
Mcu.Pin30=PB3
PC1.GPIO_Label=MATRX_G1
PA1.GPIO_Label=BTN_SET
VP_SYS_VS_Systick.Mode=SysTick
PC9.GPIO_PuPd=GPIO_PULLDOWN
Mcu.Pin33=VP_RTC_VS_RTC_Activate
TIM3.IPParameters=Prescaler,Period,AutoReloadPreload
Mcu.Pin34=VP_RTC_VS_RTC_Calendar
Mcu.Pin31=PB6
PC1.GPIO_Speed=GPIO_SPEED_FREQ_MEDIUM
Mcu.Pin32=PB7
NVIC.NonMaskableInt_IRQn=true\:0\:0\:false\:false\:true\:false\:false
PA4.GPIOParameters=GPIO_PuPd,GPIO_Label,GPIO_ModeDefaultEXTI
PC10.GPIOParameters=GPIO_Speed,GPIO_PuPd,GPIO_Label
PC2.GPIO_PuPd=GPIO_PULLDOWN
TIM2.Period=249
PA13.Mode=Trace_Asynchronous_SW
ProjectManager.FreePins=false
NVIC.RTC_Alarm_IRQn=true\:0\:0\:false\:false\:true\:true\:true
RCC.IPParameters=ADCFreqValue,AHBFreq_Value,APB1CLKDivider,APB1Freq_Value,APB1TimFreq_Value,APB2Freq_Value,APB2TimFreq_Value,FCLKCortexFreq_Value,FamilyName,HCLKFreq_Value,I2S2Freq_Value,I2S3Freq_Value,MCOFreq_Value,PLLCLKFreq_Value,PLLMCOFreq_Value,PLLMUL,PLLSourceVirtual,RTCClockSelection,RTCFreq_Value,SDIOFreq_Value,SDIOHCLKDiv2FreqValue,SYSCLKFreq_VALUE,SYSCLKSource,TimSysFreq_Value,USBFreq_Value,USBPrescaler,VCOOutput2Freq_Value
PC9.GPIOParameters=GPIO_Speed,GPIO_PuPd,GPIO_Label
ProjectManager.AskForMigrate=true
Mcu.Name=STM32F103R(C-D-E)Tx
Mcu.Pin26=PA14
Mcu.Pin27=PC10
PA2.Signal=GPXTI2
Mcu.Pin24=PA12
ProjectManager.UnderRoot=true
Mcu.Pin25=PA13
Mcu.IP8=TIM4
Mcu.IP9=USB
PC7.GPIO_Label=MATRX_B
Mcu.Pin28=PC11
Mcu.IP6=TIM2
Mcu.Pin29=PC12
Mcu.IP7=TIM3
ProjectManager.CoupleFile=true
PC8.GPIO_PuPd=GPIO_PULLDOWN
PB3.Signal=SYS_JTDO-TRACESWO
NVIC.EXTI0_IRQn=true\:0\:0\:false\:false\:true\:true\:true
PA4.Signal=GPXTI4
RCC.SYSCLKFreq_VALUE=72000000
Mcu.Pin22=PC9
Mcu.Pin23=PA11
RCC.TimSysFreq_Value=72000000
PA1.Locked=true
Mcu.Pin20=PC7
PA3.Locked=true
Mcu.Pin21=PC8
SH.GPXTI4.0=GPIO_EXTI4
PA12.Mode=Device
PA5.GPIO_Label=BTN_DOWN
NVIC.ForceEnableDMAVector=true
KeepUserPlacement=false
PC5.GPIO_Label=MATRX_B2
NVIC.MemoryManagement_IRQn=true\:0\:0\:false\:false\:true\:false\:false
PC12.GPIO_Label=MATRX_OE
ProjectManager.CompilerOptimize=6
PA11.Signal=USB_DM
PB7.Mode=I2C
NVIC.EXTI9_5_IRQn=true\:0\:0\:false\:false\:true\:true\:true
PA14.Signal=SYS_JTCK-SWCLK
ProjectManager.HeapSize=0x200
Mcu.Pin15=PC4
NVIC.HardFault_IRQn=true\:0\:0\:false\:false\:true\:false\:false
Mcu.Pin16=PC5
SH.GPXTI4.ConfNb=1
Mcu.Pin13=PA5
PC6.GPIOParameters=GPIO_Speed,GPIO_PuPd,GPIO_Label
Mcu.Pin14=PA6
Mcu.Pin19=PC6
ProjectManager.ComputerToolchain=false
Mcu.Pin17=PB10
NVIC.I2C2_EV_IRQn=true\:0\:0\:false\:false\:true\:true\:true
Mcu.Pin18=PB11
PA2.GPIO_ModeDefaultEXTI=GPIO_MODE_IT_RISING_FALLING
VP_TIM4_VS_ClockSourceINT.Mode=Internal
PC9.GPIO_Speed=GPIO_SPEED_FREQ_MEDIUM
NVIC.PriorityGroup=NVIC_PRIORITYGROUP_4
Mcu.Pin11=PA3
Mcu.Pin12=PA4
PC5.GPIO_Speed=GPIO_SPEED_FREQ_MEDIUM
Mcu.Pin10=PA2
PC3.GPIO_Label=MATRX_R2
PA0-WKUP.GPIO_PuPd=GPIO_PULLUP
PC8.Locked=true
PC9.Signal=GPIO_Output
SH.GPXTI1.ConfNb=1
NVIC.TIM4_IRQn=true\:1\:0\:true\:false\:true\:true\:true
RCC.APB1Freq_Value=36000000
PC12.GPIO_Speed=GPIO_SPEED_FREQ_MEDIUM
USB_DEVICE.VirtualMode=Cdc
PD0-OSC_IN.Locked=true
PC0.Locked=true
ProjectManager.DeviceId=STM32F103RETx
PC1.Signal=GPIO_Output
ProjectManager.LibraryCopy=1
PC3.GPIO_PuPd=GPIO_PULLDOWN
PA3.GPIO_Label=BTN_RIGHT
PA6.Locked=true
isbadioc=false
